{
  "lockfileVersion": 1,
  "configVersion": 1,
  "workspaces": {
    "": {
      "dependencies": {
        "openmeteo": "^1.2.3",
      },
    },
  },
  "packages": {
    "@openmeteo/sdk": ["@openmeteo/sdk@1.28.0", "", { "dependencies": { "flatbuffers": "^25.9.23" } }, "sha512-7DOkY1uOAyE8bsxaugNWWB1o6qWxEG3bTGGOJkr7UWAsandEqiGmBom50ra26wgeYB7/vNXT9G7HeXk4F7Zpog=="],

    "flatbuffers": ["flatbuffers@25.9.23", "", {}, "sha512-MI1qs7Lo4Syw0EOzUl0xjs2lsoeqFku44KpngfIduHBYvzm8h2+7K8YMQh1JtVVVrUvhLpNwqVi4DERegUJhPQ=="],

    "openmeteo": ["openmeteo@1.2.3", "", { "dependencies": { "@openmeteo/sdk": "^1.23.0", "flatbuffers": "^25.9.23" } }, "sha512-3updmgCMnCAAjAgV3RfhMdIBPi/43RtbjQ4CizHGn52RP9SpgmVCDRpun+Ex75NG3jTF3pZp+d1BPlP9DWMHiQ=="],
  }
}
